
Microsoft Visual Studio Solution File, Format Version 12.00
# Visual Studio Version 16
VisualStudioVersion = 16.0.28531.58
MinimumVisualStudioVersion = 10.0.40219.1
Project("{FAE04EC0-301F-11D3-BF4B-00C04F79EFBC}") = "XF_CSSandBindableL.Android", "XF_CSSandBindableL\XF_CSSandBindableL.Android\XF_CSSandBindableL.Android.csproj", "{6FD69530-3D8D-43AE-84ED-EC6C28E05FB1}"
EndProject
Project("{FAE04EC0-301F-11D3-BF4B-00C04F79EFBC}") = "XF_CSSandBindableL.iOS", "XF_CSSandBindableL\XF_CSSandBindableL.iOS\XF_CSSandBindableL.iOS.csproj", "{1C686B4D-7BCC-4E37-AE41-68614E63CE1F}"
EndProject
Project("{FAE04EC0-301F-11D3-BF4B-00C04F79EFBC}") = "XF_CSSandBindableL.UWP", "XF_CSSandBindableL\XF_CSSandBindableL.UWP\XF_CSSandBindableL.UWP.csproj", "{91A8B15E-CE78-40CB-8CFD-EB5B95037D84}"
EndProject
Project("{9A19103F-16F7-4668-BE54-9A1E7A4F7556}") = "XF_CSSandBindableL", "XF_CSSandBindableL\XF_CSSandBindableL\XF_CSSandBindableL.csproj", "{FDE25208-68DE-4955-9268-48C596345966}"
EndProject
Global
	GlobalSection(SolutionConfigurationPlatforms) = preSolution
		Ad-Hoc|Any CPU = Ad-Hoc|Any CPU
		Ad-Hoc|ARM = Ad-Hoc|ARM
		Ad-Hoc|iPhone = Ad-Hoc|iPhone
		Ad-Hoc|iPhoneSimulator = Ad-Hoc|iPhoneSimulator
		Ad-Hoc|x64 = Ad-Hoc|x64
		Ad-Hoc|x86 = Ad-Hoc|x86
		AppStore|Any CPU = AppStore|Any CPU
		AppStore|ARM = AppStore|ARM
		AppStore|iPhone = AppStore|iPhone
		AppStore|iPhoneSimulator = AppStore|iPhoneSimulator
		AppStore|x64 = AppStore|x64
		AppStore|x86 = AppStore|x86
		Debug|Any CPU = Debug|Any CPU
		Debug|ARM = Debug|ARM
		Debug|iPhone = Debug|iPhone
		Debug|iPhoneSimulator = Debug|iPhoneSimulator
		Debug|x64 = Debug|x64
		Debug|x86 = Debug|x86
		Gorilla|Any CPU = Gorilla|Any CPU
		Gorilla|ARM = Gorilla|ARM
		Gorilla|iPhone = Gorilla|iPhone
		Gorilla|iPhoneSimulator = Gorilla|iPhoneSimulator
		Gorilla|x64 = Gorilla|x64
		Gorilla|x86 = Gorilla|x86
		Release|Any CPU = Release|Any CPU
		Release|ARM = Release|ARM
		Release|iPhone = Release|iPhone
		Release|iPhoneSimulator = Release|iPhoneSimulator
		Release|x64 = Release|x64
		Release|x86 = Release|x86
	EndGlobalSection
	GlobalSection(ProjectConfigurationPlatforms) = postSolution
		{6FD69530-3D8D-43AE-84ED-EC6C28E05FB1}.Ad-Hoc|Any CPU.ActiveCfg = Release|Any CPU
		{6FD69530-3D8D-43AE-84ED-EC6C28E05FB1}.Ad-Hoc|Any CPU.Build.0 = Release|Any CPU
		{6FD69530-3D8D-43AE-84ED-EC6C28E05FB1}.Ad-Hoc|Any CPU.Deploy.0 = Release|Any CPU
		{6FD69530-3D8D-43AE-84ED-EC6C28E05FB1}.Ad-Hoc|ARM.ActiveCfg = Release|Any CPU
		{6FD69530-3D8D-43AE-84ED-EC6C28E05FB1}.Ad-Hoc|ARM.Build.0 = Release|Any CPU
		{6FD69530-3D8D-43AE-84ED-EC6C28E05FB1}.Ad-Hoc|ARM.Deploy.0 = Release|Any CPU
		{6FD69530-3D8D-43AE-84ED-EC6C28E05FB1}.Ad-Hoc|iPhone.ActiveCfg = Release|Any CPU
		{6FD69530-3D8D-43AE-84ED-EC6C28E05FB1}.Ad-Hoc|iPhone.Build.0 = Release|Any CPU
		{6FD69530-3D8D-43AE-84ED-EC6C28E05FB1}.Ad-Hoc|iPhone.Deploy.0 = Release|Any CPU
		{6FD69530-3D8D-43AE-84ED-EC6C28E05FB1}.Ad-Hoc|iPhoneSimulator.ActiveCfg = Release|Any CPU
		{6FD69530-3D8D-43AE-84ED-EC6C28E05FB1}.Ad-Hoc|iPhoneSimulator.Build.0 = Release|Any CPU
		{6FD69530-3D8D-43AE-84ED-EC6C28E05FB1}.Ad-Hoc|iPhoneSimulator.Deploy.0 = Release|Any CPU
		{6FD69530-3D8D-43AE-84ED-EC6C28E05FB1}.Ad-Hoc|x64.ActiveCfg = Release|Any CPU
		{6FD69530-3D8D-43AE-84ED-EC6C28E05FB1}.Ad-Hoc|x64.Build.0 = Release|Any CPU
		{6FD69530-3D8D-43AE-84ED-EC6C28E05FB1}.Ad-Hoc|x64.Deploy.0 = Release|Any CPU
		{6FD69530-3D8D-43AE-84ED-EC6C28E05FB1}.Ad-Hoc|x86.ActiveCfg = Release|Any CPU
		{6FD69530-3D8D-43AE-84ED-EC6C28E05FB1}.Ad-Hoc|x86.Build.0 = Release|Any CPU
		{6FD69530-3D8D-43AE-84ED-EC6C28E05FB1}.Ad-Hoc|x86.Deploy.0 = Release|Any CPU
		{6FD69530-3D8D-43AE-84ED-EC6C28E05FB1}.AppStore|Any CPU.ActiveCfg = Release|Any CPU
		{6FD69530-3D8D-43AE-84ED-EC6C28E05FB1}.AppStore|Any CPU.Build.0 = Release|Any CPU
		{6FD69530-3D8D-43AE-84ED-EC6C28E05FB1}.AppStore|Any CPU.Deploy.0 = Release|Any CPU
		{6FD69530-3D8D-43AE-84ED-EC6C28E05FB1}.AppStore|ARM.ActiveCfg = Release|Any CPU
		{6FD69530-3D8D-43AE-84ED-EC6C28E05FB1}.AppStore|ARM.Build.0 = Release|Any CPU
		{6FD69530-3D8D-43AE-84ED-EC6C28E05FB1}.AppStore|ARM.Deploy.0 = Release|Any CPU
		{6FD69530-3D8D-43AE-84ED-EC6C28E05FB1}.AppStore|iPhone.ActiveCfg = Release|Any CPU
		{6FD69530-3D8D-43AE-84ED-EC6C28E05FB1}.AppStore|iPhone.Build.0 = Release|Any CPU
		{6FD69530-3D8D-43AE-84ED-EC6C28E05FB1}.AppStore|iPhone.Deploy.0 = Release|Any CPU
		{6FD69530-3D8D-43AE-84ED-EC6C28E05FB1}.AppStore|iPhoneSimulator.ActiveCfg = Release|Any CPU
		{6FD69530-3D8D-43AE-84ED-EC6C28E05FB1}.AppStore|iPhoneSimulator.Build.0 = Release|Any CPU
		{6FD69530-3D8D-43AE-84ED-EC6C28E05FB1}.AppStore|iPhoneSimulator.Deploy.0 = Release|Any CPU
		{6FD69530-3D8D-43AE-84ED-EC6C28E05FB1}.AppStore|x64.ActiveCfg = Release|Any CPU
		{6FD69530-3D8D-43AE-84ED-EC6C28E05FB1}.AppStore|x64.Build.0 = Release|Any CPU
		{6FD69530-3D8D-43AE-84ED-EC6C28E05FB1}.AppStore|x64.Deploy.0 = Release|Any CPU
		{6FD69530-3D8D-43AE-84ED-EC6C28E05FB1}.AppStore|x86.ActiveCfg = Release|Any CPU
		{6FD69530-3D8D-43AE-84ED-EC6C28E05FB1}.AppStore|x86.Build.0 = Release|Any CPU
		{6FD69530-3D8D-43AE-84ED-EC6C28E05FB1}.AppStore|x86.Deploy.0 = Release|Any CPU
		{6FD69530-3D8D-43AE-84ED-EC6C28E05FB1}.Debug|Any CPU.ActiveCfg = Debug|Any CPU
		{6FD69530-3D8D-43AE-84ED-EC6C28E05FB1}.Debug|Any CPU.Build.0 = Debug|Any CPU
		{6FD69530-3D8D-43AE-84ED-EC6C28E05FB1}.Debug|Any CPU.Deploy.0 = Debug|Any CPU
		{6FD69530-3D8D-43AE-84ED-EC6C28E05FB1}.Debug|ARM.ActiveCfg = Debug|Any CPU
		{6FD69530-3D8D-43AE-84ED-EC6C28E05FB1}.Debug|ARM.Build.0 = Debug|Any CPU
		{6FD69530-3D8D-43AE-84ED-EC6C28E05FB1}.Debug|ARM.Deploy.0 = Debug|Any CPU
		{6FD69530-3D8D-43AE-84ED-EC6C28E05FB1}.Debug|iPhone.ActiveCfg = Debug|Any CPU
		{6FD69530-3D8D-43AE-84ED-EC6C28E05FB1}.Debug|iPhone.Build.0 = Debug|Any CPU
		{6FD69530-3D8D-43AE-84ED-EC6C28E05FB1}.Debug|iPhone.Deploy.0 = Debug|Any CPU
		{6FD69530-3D8D-43AE-84ED-EC6C28E05FB1}.Debug|iPhoneSimulator.ActiveCfg = Debug|Any CPU
		{6FD69530-3D8D-43AE-84ED-EC6C28E05FB1}.Debug|iPhoneSimulator.Build.0 = Debug|Any CPU
		{6FD69530-3D8D-43AE-84ED-EC6C28E05FB1}.Debug|iPhoneSimulator.Deploy.0 = Debug|Any CPU
		{6FD69530-3D8D-43AE-84ED-EC6C28E05FB1}.Debug|x64.ActiveCfg = Debug|Any CPU
		{6FD69530-3D8D-43AE-84ED-EC6C28E05FB1}.Debug|x64.Build.0 = Debug|Any CPU
		{6FD69530-3D8D-43AE-84ED-EC6C28E05FB1}.Debug|x64.Deploy.0 = Debug|Any CPU
		{6FD69530-3D8D-43AE-84ED-EC6C28E05FB1}.Debug|x86.ActiveCfg = Debug|Any CPU
		{6FD69530-3D8D-43AE-84ED-EC6C28E05FB1}.Debug|x86.Build.0 = Debug|Any CPU
		{6FD69530-3D8D-43AE-84ED-EC6C28E05FB1}.Debug|x86.Deploy.0 = Debug|Any CPU
		{6FD69530-3D8D-43AE-84ED-EC6C28E05FB1}.Gorilla|Any CPU.ActiveCfg = Gorilla|Any CPU
		{6FD69530-3D8D-43AE-84ED-EC6C28E05FB1}.Gorilla|Any CPU.Build.0 = Gorilla|Any CPU
		{6FD69530-3D8D-43AE-84ED-EC6C28E05FB1}.Gorilla|Any CPU.Deploy.0 = Gorilla|Any CPU
		{6FD69530-3D8D-43AE-84ED-EC6C28E05FB1}.Gorilla|ARM.ActiveCfg = Gorilla|Any CPU
		{6FD69530-3D8D-43AE-84ED-EC6C28E05FB1}.Gorilla|ARM.Build.0 = Gorilla|Any CPU
		{6FD69530-3D8D-43AE-84ED-EC6C28E05FB1}.Gorilla|ARM.Deploy.0 = Gorilla|Any CPU
		{6FD69530-3D8D-43AE-84ED-EC6C28E05FB1}.Gorilla|iPhone.ActiveCfg = Gorilla|Any CPU
		{6FD69530-3D8D-43AE-84ED-EC6C28E05FB1}.Gorilla|iPhone.Build.0 = Gorilla|Any CPU
		{6FD69530-3D8D-43AE-84ED-EC6C28E05FB1}.Gorilla|iPhone.Deploy.0 = Gorilla|Any CPU
		{6FD69530-3D8D-43AE-84ED-EC6C28E05FB1}.Gorilla|iPhoneSimulator.ActiveCfg = Gorilla|Any CPU
		{6FD69530-3D8D-43AE-84ED-EC6C28E05FB1}.Gorilla|iPhoneSimulator.Build.0 = Gorilla|Any CPU
		{6FD69530-3D8D-43AE-84ED-EC6C28E05FB1}.Gorilla|iPhoneSimulator.Deploy.0 = Gorilla|Any CPU
		{6FD69530-3D8D-43AE-84ED-EC6C28E05FB1}.Gorilla|x64.ActiveCfg = Gorilla|Any CPU
		{6FD69530-3D8D-43AE-84ED-EC6C28E05FB1}.Gorilla|x64.Build.0 = Gorilla|Any CPU
		{6FD69530-3D8D-43AE-84ED-EC6C28E05FB1}.Gorilla|x64.Deploy.0 = Gorilla|Any CPU
		{6FD69530-3D8D-43AE-84ED-EC6C28E05FB1}.Gorilla|x86.ActiveCfg = Gorilla|Any CPU
		{6FD69530-3D8D-43AE-84ED-EC6C28E05FB1}.Gorilla|x86.Build.0 = Gorilla|Any CPU
		{6FD69530-3D8D-43AE-84ED-EC6C28E05FB1}.Gorilla|x86.Deploy.0 = Gorilla|Any CPU
		{6FD69530-3D8D-43AE-84ED-EC6C28E05FB1}.Release|Any CPU.ActiveCfg = Release|Any CPU
		{6FD69530-3D8D-43AE-84ED-EC6C28E05FB1}.Release|Any CPU.Build.0 = Release|Any CPU
		{6FD69530-3D8D-43AE-84ED-EC6C28E05FB1}.Release|Any CPU.Deploy.0 = Release|Any CPU
		{6FD69530-3D8D-43AE-84ED-EC6C28E05FB1}.Release|ARM.ActiveCfg = Release|Any CPU
		{6FD69530-3D8D-43AE-84ED-EC6C28E05FB1}.Release|ARM.Build.0 = Release|Any CPU
		{6FD69530-3D8D-43AE-84ED-EC6C28E05FB1}.Release|ARM.Deploy.0 = Release|Any CPU
		{6FD69530-3D8D-43AE-84ED-EC6C28E05FB1}.Release|iPhone.ActiveCfg = Release|Any CPU
		{6FD69530-3D8D-43AE-84ED-EC6C28E05FB1}.Release|iPhone.Build.0 = Release|Any CPU
		{6FD69530-3D8D-43AE-84ED-EC6C28E05FB1}.Release|iPhone.Deploy.0 = Release|Any CPU
		{6FD69530-3D8D-43AE-84ED-EC6C28E05FB1}.Release|iPhoneSimulator.ActiveCfg = Release|Any CPU
		{6FD69530-3D8D-43AE-84ED-EC6C28E05FB1}.Release|iPhoneSimulator.Build.0 = Release|Any CPU
		{6FD69530-3D8D-43AE-84ED-EC6C28E05FB1}.Release|iPhoneSimulator.Deploy.0 = Release|Any CPU
		{6FD69530-3D8D-43AE-84ED-EC6C28E05FB1}.Release|x64.ActiveCfg = Release|Any CPU
		{6FD69530-3D8D-43AE-84ED-EC6C28E05FB1}.Release|x64.Build.0 = Release|Any CPU
		{6FD69530-3D8D-43AE-84ED-EC6C28E05FB1}.Release|x64.Deploy.0 = Release|Any CPU
		{6FD69530-3D8D-43AE-84ED-EC6C28E05FB1}.Release|x86.ActiveCfg = Release|Any CPU
		{6FD69530-3D8D-43AE-84ED-EC6C28E05FB1}.Release|x86.Build.0 = Release|Any CPU
		{6FD69530-3D8D-43AE-84ED-EC6C28E05FB1}.Release|x86.Deploy.0 = Release|Any CPU
		{1C686B4D-7BCC-4E37-AE41-68614E63CE1F}.Ad-Hoc|Any CPU.ActiveCfg = Ad-Hoc|iPhone
		{1C686B4D-7BCC-4E37-AE41-68614E63CE1F}.Ad-Hoc|Any CPU.Build.0 = Ad-Hoc|iPhone
		{1C686B4D-7BCC-4E37-AE41-68614E63CE1F}.Ad-Hoc|Any CPU.Deploy.0 = Ad-Hoc|iPhone
		{1C686B4D-7BCC-4E37-AE41-68614E63CE1F}.Ad-Hoc|ARM.ActiveCfg = Ad-Hoc|iPhone
		{1C686B4D-7BCC-4E37-AE41-68614E63CE1F}.Ad-Hoc|ARM.Build.0 = Ad-Hoc|iPhone
		{1C686B4D-7BCC-4E37-AE41-68614E63CE1F}.Ad-Hoc|ARM.Deploy.0 = Ad-Hoc|iPhone
		{1C686B4D-7BCC-4E37-AE41-68614E63CE1F}.Ad-Hoc|iPhone.ActiveCfg = Ad-Hoc|iPhone
		{1C686B4D-7BCC-4E37-AE41-68614E63CE1F}.Ad-Hoc|iPhone.Build.0 = Ad-Hoc|iPhone
		{1C686B4D-7BCC-4E37-AE41-68614E63CE1F}.Ad-Hoc|iPhone.Deploy.0 = Ad-Hoc|iPhone
		{1C686B4D-7BCC-4E37-AE41-68614E63CE1F}.Ad-Hoc|iPhoneSimulator.ActiveCfg = Ad-Hoc|iPhoneSimulator
		{1C686B4D-7BCC-4E37-AE41-68614E63CE1F}.Ad-Hoc|iPhoneSimulator.Build.0 = Ad-Hoc|iPhoneSimulator
		{1C686B4D-7BCC-4E37-AE41-68614E63CE1F}.Ad-Hoc|iPhoneSimulator.Deploy.0 = Ad-Hoc|iPhoneSimulator
		{1C686B4D-7BCC-4E37-AE41-68614E63CE1F}.Ad-Hoc|x64.ActiveCfg = Ad-Hoc|iPhone
		{1C686B4D-7BCC-4E37-AE41-68614E63CE1F}.Ad-Hoc|x64.Build.0 = Ad-Hoc|iPhone
		{1C686B4D-7BCC-4E37-AE41-68614E63CE1F}.Ad-Hoc|x64.Deploy.0 = Ad-Hoc|iPhone
		{1C686B4D-7BCC-4E37-AE41-68614E63CE1F}.Ad-Hoc|x86.ActiveCfg = Ad-Hoc|iPhone
		{1C686B4D-7BCC-4E37-AE41-68614E63CE1F}.Ad-Hoc|x86.Build.0 = Ad-Hoc|iPhone
		{1C686B4D-7BCC-4E37-AE41-68614E63CE1F}.Ad-Hoc|x86.Deploy.0 = Ad-Hoc|iPhone
		{1C686B4D-7BCC-4E37-AE41-68614E63CE1F}.AppStore|Any CPU.ActiveCfg = AppStore|iPhone
		{1C686B4D-7BCC-4E37-AE41-68614E63CE1F}.AppStore|Any CPU.Build.0 = AppStore|iPhone
		{1C686B4D-7BCC-4E37-AE41-68614E63CE1F}.AppStore|Any CPU.Deploy.0 = AppStore|iPhone
		{1C686B4D-7BCC-4E37-AE41-68614E63CE1F}.AppStore|ARM.ActiveCfg = AppStore|iPhone
		{1C686B4D-7BCC-4E37-AE41-68614E63CE1F}.AppStore|ARM.Build.0 = AppStore|iPhone
		{1C686B4D-7BCC-4E37-AE41-68614E63CE1F}.AppStore|ARM.Deploy.0 = AppStore|iPhone
		{1C686B4D-7BCC-4E37-AE41-68614E63CE1F}.AppStore|iPhone.ActiveCfg = AppStore|iPhone
		{1C686B4D-7BCC-4E37-AE41-68614E63CE1F}.AppStore|iPhone.Build.0 = AppStore|iPhone
		{1C686B4D-7BCC-4E37-AE41-68614E63CE1F}.AppStore|iPhone.Deploy.0 = AppStore|iPhone
		{1C686B4D-7BCC-4E37-AE41-68614E63CE1F}.AppStore|iPhoneSimulator.ActiveCfg = AppStore|iPhoneSimulator
		{1C686B4D-7BCC-4E37-AE41-68614E63CE1F}.AppStore|iPhoneSimulator.Build.0 = AppStore|iPhoneSimulator
		{1C686B4D-7BCC-4E37-AE41-68614E63CE1F}.AppStore|iPhoneSimulator.Deploy.0 = AppStore|iPhoneSimulator
		{1C686B4D-7BCC-4E37-AE41-68614E63CE1F}.AppStore|x64.ActiveCfg = AppStore|iPhone
		{1C686B4D-7BCC-4E37-AE41-68614E63CE1F}.AppStore|x64.Build.0 = AppStore|iPhone
		{1C686B4D-7BCC-4E37-AE41-68614E63CE1F}.AppStore|x64.Deploy.0 = AppStore|iPhone
		{1C686B4D-7BCC-4E37-AE41-68614E63CE1F}.AppStore|x86.ActiveCfg = AppStore|iPhone
		{1C686B4D-7BCC-4E37-AE41-68614E63CE1F}.AppStore|x86.Build.0 = AppStore|iPhone
		{1C686B4D-7BCC-4E37-AE41-68614E63CE1F}.AppStore|x86.Deploy.0 = AppStore|iPhone
		{1C686B4D-7BCC-4E37-AE41-68614E63CE1F}.Debug|Any CPU.ActiveCfg = Debug|iPhoneSimulator
		{1C686B4D-7BCC-4E37-AE41-68614E63CE1F}.Debug|Any CPU.Build.0 = Debug|iPhoneSimulator
		{1C686B4D-7BCC-4E37-AE41-68614E63CE1F}.Debug|Any CPU.Deploy.0 = Debug|iPhoneSimulator
		{1C686B4D-7BCC-4E37-AE41-68614E63CE1F}.Debug|ARM.ActiveCfg = Debug|iPhone
		{1C686B4D-7BCC-4E37-AE41-68614E63CE1F}.Debug|ARM.Build.0 = Debug|iPhone
		{1C686B4D-7BCC-4E37-AE41-68614E63CE1F}.Debug|ARM.Deploy.0 = Debug|iPhone
		{1C686B4D-7BCC-4E37-AE41-68614E63CE1F}.Debug|iPhone.ActiveCfg = Debug|iPhone
		{1C686B4D-7BCC-4E37-AE41-68614E63CE1F}.Debug|iPhone.Build.0 = Debug|iPhone
		{1C686B4D-7BCC-4E37-AE41-68614E63CE1F}.Debug|iPhone.Deploy.0 = Debug|iPhone
		{1C686B4D-7BCC-4E37-AE41-68614E63CE1F}.Debug|iPhoneSimulator.ActiveCfg = Debug|iPhoneSimulator
		{1C686B4D-7BCC-4E37-AE41-68614E63CE1F}.Debug|iPhoneSimulator.Build.0 = Debug|iPhoneSimulator
		{1C686B4D-7BCC-4E37-AE41-68614E63CE1F}.Debug|iPhoneSimulator.Deploy.0 = Debug|iPhoneSimulator
		{1C686B4D-7BCC-4E37-AE41-68614E63CE1F}.Debug|x64.ActiveCfg = Debug|iPhone
		{1C686B4D-7BCC-4E37-AE41-68614E63CE1F}.Debug|x64.Build.0 = Debug|iPhone
		{1C686B4D-7BCC-4E37-AE41-68614E63CE1F}.Debug|x64.Deploy.0 = Debug|iPhone
		{1C686B4D-7BCC-4E37-AE41-68614E63CE1F}.Debug|x86.ActiveCfg = Debug|iPhone
		{1C686B4D-7BCC-4E37-AE41-68614E63CE1F}.Debug|x86.Build.0 = Debug|iPhone
		{1C686B4D-7BCC-4E37-AE41-68614E63CE1F}.Debug|x86.Deploy.0 = Debug|iPhone
		{1C686B4D-7BCC-4E37-AE41-68614E63CE1F}.Gorilla|Any CPU.ActiveCfg = Gorilla|iPhone
		{1C686B4D-7BCC-4E37-AE41-68614E63CE1F}.Gorilla|ARM.ActiveCfg = Gorilla|iPhone
		{1C686B4D-7BCC-4E37-AE41-68614E63CE1F}.Gorilla|iPhone.ActiveCfg = Gorilla|iPhone
		{1C686B4D-7BCC-4E37-AE41-68614E63CE1F}.Gorilla|iPhone.Build.0 = Gorilla|iPhone
		{1C686B4D-7BCC-4E37-AE41-68614E63CE1F}.Gorilla|iPhoneSimulator.ActiveCfg = Gorilla|iPhoneSimulator
		{1C686B4D-7BCC-4E37-AE41-68614E63CE1F}.Gorilla|iPhoneSimulator.Build.0 = Gorilla|iPhoneSimulator
		{1C686B4D-7BCC-4E37-AE41-68614E63CE1F}.Gorilla|x64.ActiveCfg = Gorilla|iPhone
		{1C686B4D-7BCC-4E37-AE41-68614E63CE1F}.Gorilla|x86.ActiveCfg = Gorilla|iPhone
		{1C686B4D-7BCC-4E37-AE41-68614E63CE1F}.Release|Any CPU.ActiveCfg = Release|iPhone
		{1C686B4D-7BCC-4E37-AE41-68614E63CE1F}.Release|Any CPU.Build.0 = Release|iPhone
		{1C686B4D-7BCC-4E37-AE41-68614E63CE1F}.Release|Any CPU.Deploy.0 = Release|iPhone
		{1C686B4D-7BCC-4E37-AE41-68614E63CE1F}.Release|ARM.ActiveCfg = Release|iPhone
		{1C686B4D-7BCC-4E37-AE41-68614E63CE1F}.Release|ARM.Build.0 = Release|iPhone
		{1C686B4D-7BCC-4E37-AE41-68614E63CE1F}.Release|ARM.Deploy.0 = Release|iPhone
		{1C686B4D-7BCC-4E37-AE41-68614E63CE1F}.Release|iPhone.ActiveCfg = Release|iPhone
		{1C686B4D-7BCC-4E37-AE41-68614E63CE1F}.Release|iPhone.Build.0 = Release|iPhone
		{1C686B4D-7BCC-4E37-AE41-68614E63CE1F}.Release|iPhone.Deploy.0 = Release|iPhone
		{1C686B4D-7BCC-4E37-AE41-68614E63CE1F}.Release|iPhoneSimulator.ActiveCfg = Release|iPhoneSimulator
		{1C686B4D-7BCC-4E37-AE41-68614E63CE1F}.Release|iPhoneSimulator.Build.0 = Release|iPhoneSimulator
		{1C686B4D-7BCC-4E37-AE41-68614E63CE1F}.Release|iPhoneSimulator.Deploy.0 = Release|iPhoneSimulator
		{1C686B4D-7BCC-4E37-AE41-68614E63CE1F}.Release|x64.ActiveCfg = Release|iPhone
		{1C686B4D-7BCC-4E37-AE41-68614E63CE1F}.Release|x64.Build.0 = Release|iPhone
		{1C686B4D-7BCC-4E37-AE41-68614E63CE1F}.Release|x64.Deploy.0 = Release|iPhone
		{1C686B4D-7BCC-4E37-AE41-68614E63CE1F}.Release|x86.ActiveCfg = Release|iPhone
		{1C686B4D-7BCC-4E37-AE41-68614E63CE1F}.Release|x86.Build.0 = Release|iPhone
		{1C686B4D-7BCC-4E37-AE41-68614E63CE1F}.Release|x86.Deploy.0 = Release|iPhone
		{91A8B15E-CE78-40CB-8CFD-EB5B95037D84}.Ad-Hoc|Any CPU.ActiveCfg = Release|x86
		{91A8B15E-CE78-40CB-8CFD-EB5B95037D84}.Ad-Hoc|Any CPU.Build.0 = Release|x86
		{91A8B15E-CE78-40CB-8CFD-EB5B95037D84}.Ad-Hoc|Any CPU.Deploy.0 = Release|x86
		{91A8B15E-CE78-40CB-8CFD-EB5B95037D84}.Ad-Hoc|ARM.ActiveCfg = Release|ARM
		{91A8B15E-CE78-40CB-8CFD-EB5B95037D84}.Ad-Hoc|ARM.Build.0 = Release|ARM
		{91A8B15E-CE78-40CB-8CFD-EB5B95037D84}.Ad-Hoc|ARM.Deploy.0 = Release|ARM
		{91A8B15E-CE78-40CB-8CFD-EB5B95037D84}.Ad-Hoc|iPhone.ActiveCfg = Release|x86
		{91A8B15E-CE78-40CB-8CFD-EB5B95037D84}.Ad-Hoc|iPhone.Build.0 = Release|x86
		{91A8B15E-CE78-40CB-8CFD-EB5B95037D84}.Ad-Hoc|iPhone.Deploy.0 = Release|x86
		{91A8B15E-CE78-40CB-8CFD-EB5B95037D84}.Ad-Hoc|iPhoneSimulator.ActiveCfg = Release|x86
		{91A8B15E-CE78-40CB-8CFD-EB5B95037D84}.Ad-Hoc|iPhoneSimulator.Build.0 = Release|x86
		{91A8B15E-CE78-40CB-8CFD-EB5B95037D84}.Ad-Hoc|iPhoneSimulator.Deploy.0 = Release|x86
		{91A8B15E-CE78-40CB-8CFD-EB5B95037D84}.Ad-Hoc|x64.ActiveCfg = Release|x64
		{91A8B15E-CE78-40CB-8CFD-EB5B95037D84}.Ad-Hoc|x64.Build.0 = Release|x64
		{91A8B15E-CE78-40CB-8CFD-EB5B95037D84}.Ad-Hoc|x64.Deploy.0 = Release|x64
		{91A8B15E-CE78-40CB-8CFD-EB5B95037D84}.Ad-Hoc|x86.ActiveCfg = Release|x86
		{91A8B15E-CE78-40CB-8CFD-EB5B95037D84}.Ad-Hoc|x86.Build.0 = Release|x86
		{91A8B15E-CE78-40CB-8CFD-EB5B95037D84}.Ad-Hoc|x86.Deploy.0 = Release|x86
		{91A8B15E-CE78-40CB-8CFD-EB5B95037D84}.AppStore|Any CPU.ActiveCfg = Release|x86
		{91A8B15E-CE78-40CB-8CFD-EB5B95037D84}.AppStore|Any CPU.Build.0 = Release|x86
		{91A8B15E-CE78-40CB-8CFD-EB5B95037D84}.AppStore|Any CPU.Deploy.0 = Release|x86
		{91A8B15E-CE78-40CB-8CFD-EB5B95037D84}.AppStore|ARM.ActiveCfg = Release|ARM
		{91A8B15E-CE78-40CB-8CFD-EB5B95037D84}.AppStore|ARM.Build.0 = Release|ARM
		{91A8B15E-CE78-40CB-8CFD-EB5B95037D84}.AppStore|ARM.Deploy.0 = Release|ARM
		{91A8B15E-CE78-40CB-8CFD-EB5B95037D84}.AppStore|iPhone.ActiveCfg = Release|x86
		{91A8B15E-CE78-40CB-8CFD-EB5B95037D84}.AppStore|iPhone.Build.0 = Release|x86
		{91A8B15E-CE78-40CB-8CFD-EB5B95037D84}.AppStore|iPhone.Deploy.0 = Release|x86
		{91A8B15E-CE78-40CB-8CFD-EB5B95037D84}.AppStore|iPhoneSimulator.ActiveCfg = Release|x86
		{91A8B15E-CE78-40CB-8CFD-EB5B95037D84}.AppStore|iPhoneSimulator.Build.0 = Release|x86
		{91A8B15E-CE78-40CB-8CFD-EB5B95037D84}.AppStore|iPhoneSimulator.Deploy.0 = Release|x86
		{91A8B15E-CE78-40CB-8CFD-EB5B95037D84}.AppStore|x64.ActiveCfg = Release|x64
		{91A8B15E-CE78-40CB-8CFD-EB5B95037D84}.AppStore|x64.Build.0 = Release|x64
		{91A8B15E-CE78-40CB-8CFD-EB5B95037D84}.AppStore|x64.Deploy.0 = Release|x64
		{91A8B15E-CE78-40CB-8CFD-EB5B95037D84}.AppStore|x86.ActiveCfg = Release|x86
		{91A8B15E-CE78-40CB-8CFD-EB5B95037D84}.AppStore|x86.Build.0 = Release|x86
		{91A8B15E-CE78-40CB-8CFD-EB5B95037D84}.AppStore|x86.Deploy.0 = Release|x86
		{91A8B15E-CE78-40CB-8CFD-EB5B95037D84}.Debug|Any CPU.ActiveCfg = Debug|x86
		{91A8B15E-CE78-40CB-8CFD-EB5B95037D84}.Debug|Any CPU.Build.0 = Debug|x86
		{91A8B15E-CE78-40CB-8CFD-EB5B95037D84}.Debug|Any CPU.Deploy.0 = Debug|x86
		{91A8B15E-CE78-40CB-8CFD-EB5B95037D84}.Debug|ARM.ActiveCfg = Debug|ARM
		{91A8B15E-CE78-40CB-8CFD-EB5B95037D84}.Debug|ARM.Build.0 = Debug|ARM
		{91A8B15E-CE78-40CB-8CFD-EB5B95037D84}.Debug|ARM.Deploy.0 = Debug|ARM
		{91A8B15E-CE78-40CB-8CFD-EB5B95037D84}.Debug|iPhone.ActiveCfg = Debug|x86
		{91A8B15E-CE78-40CB-8CFD-EB5B95037D84}.Debug|iPhone.Build.0 = Debug|x86
		{91A8B15E-CE78-40CB-8CFD-EB5B95037D84}.Debug|iPhone.Deploy.0 = Debug|x86
		{91A8B15E-CE78-40CB-8CFD-EB5B95037D84}.Debug|iPhoneSimulator.ActiveCfg = Debug|x86
		{91A8B15E-CE78-40CB-8CFD-EB5B95037D84}.Debug|iPhoneSimulator.Build.0 = Debug|x86
		{91A8B15E-CE78-40CB-8CFD-EB5B95037D84}.Debug|iPhoneSimulator.Deploy.0 = Debug|x86
		{91A8B15E-CE78-40CB-8CFD-EB5B95037D84}.Debug|x64.ActiveCfg = Debug|x64
		{91A8B15E-CE78-40CB-8CFD-EB5B95037D84}.Debug|x64.Build.0 = Debug|x64
		{91A8B15E-CE78-40CB-8CFD-EB5B95037D84}.Debug|x64.Deploy.0 = Debug|x64
		{91A8B15E-CE78-40CB-8CFD-EB5B95037D84}.Debug|x86.ActiveCfg = Debug|x86
		{91A8B15E-CE78-40CB-8CFD-EB5B95037D84}.Debug|x86.Build.0 = Debug|x86
		{91A8B15E-CE78-40CB-8CFD-EB5B95037D84}.Debug|x86.Deploy.0 = Debug|x86
		{91A8B15E-CE78-40CB-8CFD-EB5B95037D84}.Gorilla|Any CPU.ActiveCfg = Gorilla|x86
		{91A8B15E-CE78-40CB-8CFD-EB5B95037D84}.Gorilla|ARM.ActiveCfg = Gorilla|ARM
		{91A8B15E-CE78-40CB-8CFD-EB5B95037D84}.Gorilla|ARM.Build.0 = Gorilla|ARM
		{91A8B15E-CE78-40CB-8CFD-EB5B95037D84}.Gorilla|ARM.Deploy.0 = Gorilla|ARM
		{91A8B15E-CE78-40CB-8CFD-EB5B95037D84}.Gorilla|iPhone.ActiveCfg = Gorilla|x86
		{91A8B15E-CE78-40CB-8CFD-EB5B95037D84}.Gorilla|iPhoneSimulator.ActiveCfg = Gorilla|x86
		{91A8B15E-CE78-40CB-8CFD-EB5B95037D84}.Gorilla|x64.ActiveCfg = Gorilla|x64
		{91A8B15E-CE78-40CB-8CFD-EB5B95037D84}.Gorilla|x64.Build.0 = Gorilla|x64
		{91A8B15E-CE78-40CB-8CFD-EB5B95037D84}.Gorilla|x64.Deploy.0 = Gorilla|x64
		{91A8B15E-CE78-40CB-8CFD-EB5B95037D84}.Gorilla|x86.ActiveCfg = Gorilla|x86
		{91A8B15E-CE78-40CB-8CFD-EB5B95037D84}.Gorilla|x86.Build.0 = Gorilla|x86
		{91A8B15E-CE78-40CB-8CFD-EB5B95037D84}.Gorilla|x86.Deploy.0 = Gorilla|x86
		{91A8B15E-CE78-40CB-8CFD-EB5B95037D84}.Release|Any CPU.ActiveCfg = Release|x86
		{91A8B15E-CE78-40CB-8CFD-EB5B95037D84}.Release|Any CPU.Build.0 = Release|x86
		{91A8B15E-CE78-40CB-8CFD-EB5B95037D84}.Release|Any CPU.Deploy.0 = Release|x86
		{91A8B15E-CE78-40CB-8CFD-EB5B95037D84}.Release|ARM.ActiveCfg = Release|ARM
		{91A8B15E-CE78-40CB-8CFD-EB5B95037D84}.Release|ARM.Build.0 = Release|ARM
		{91A8B15E-CE78-40CB-8CFD-EB5B95037D84}.Release|ARM.Deploy.0 = Release|ARM
		{91A8B15E-CE78-40CB-8CFD-EB5B95037D84}.Release|iPhone.ActiveCfg = Release|x86
		{91A8B15E-CE78-40CB-8CFD-EB5B95037D84}.Release|iPhone.Build.0 = Release|x86
		{91A8B15E-CE78-40CB-8CFD-EB5B95037D84}.Release|iPhone.Deploy.0 = Release|x86
		{91A8B15E-CE78-40CB-8CFD-EB5B95037D84}.Release|iPhoneSimulator.ActiveCfg = Release|x86
		{91A8B15E-CE78-40CB-8CFD-EB5B95037D84}.Release|iPhoneSimulator.Build.0 = Release|x86
		{91A8B15E-CE78-40CB-8CFD-EB5B95037D84}.Release|iPhoneSimulator.Deploy.0 = Release|x86
		{91A8B15E-CE78-40CB-8CFD-EB5B95037D84}.Release|x64.ActiveCfg = Release|x64
		{91A8B15E-CE78-40CB-8CFD-EB5B95037D84}.Release|x64.Build.0 = Release|x64
		{91A8B15E-CE78-40CB-8CFD-EB5B95037D84}.Release|x64.Deploy.0 = Release|x64
		{91A8B15E-CE78-40CB-8CFD-EB5B95037D84}.Release|x86.ActiveCfg = Release|x86
		{91A8B15E-CE78-40CB-8CFD-EB5B95037D84}.Release|x86.Build.0 = Release|x86
		{91A8B15E-CE78-40CB-8CFD-EB5B95037D84}.Release|x86.Deploy.0 = Release|x86
		{FDE25208-68DE-4955-9268-48C596345966}.Ad-Hoc|Any CPU.ActiveCfg = Debug|Any CPU
		{FDE25208-68DE-4955-9268-48C596345966}.Ad-Hoc|Any CPU.Build.0 = Debug|Any CPU
		{FDE25208-68DE-4955-9268-48C596345966}.Ad-Hoc|Any CPU.Deploy.0 = Debug|Any CPU
		{FDE25208-68DE-4955-9268-48C596345966}.Ad-Hoc|ARM.ActiveCfg = Debug|Any CPU
		{FDE25208-68DE-4955-9268-48C596345966}.Ad-Hoc|ARM.Build.0 = Debug|Any CPU
		{FDE25208-68DE-4955-9268-48C596345966}.Ad-Hoc|ARM.Deploy.0 = Debug|Any CPU
		{FDE25208-68DE-4955-9268-48C596345966}.Ad-Hoc|iPhone.ActiveCfg = Debug|Any CPU
		{FDE25208-68DE-4955-9268-48C596345966}.Ad-Hoc|iPhone.Build.0 = Debug|Any CPU
		{FDE25208-68DE-4955-9268-48C596345966}.Ad-Hoc|iPhone.Deploy.0 = Debug|Any CPU
		{FDE25208-68DE-4955-9268-48C596345966}.Ad-Hoc|iPhoneSimulator.ActiveCfg = Debug|Any CPU
		{FDE25208-68DE-4955-9268-48C596345966}.Ad-Hoc|iPhoneSimulator.Build.0 = Debug|Any CPU
		{FDE25208-68DE-4955-9268-48C596345966}.Ad-Hoc|iPhoneSimulator.Deploy.0 = Debug|Any CPU
		{FDE25208-68DE-4955-9268-48C596345966}.Ad-Hoc|x64.ActiveCfg = Debug|Any CPU
		{FDE25208-68DE-4955-9268-48C596345966}.Ad-Hoc|x64.Build.0 = Debug|Any CPU
		{FDE25208-68DE-4955-9268-48C596345966}.Ad-Hoc|x64.Deploy.0 = Debug|Any CPU
		{FDE25208-68DE-4955-9268-48C596345966}.Ad-Hoc|x86.ActiveCfg = Debug|Any CPU
		{FDE25208-68DE-4955-9268-48C596345966}.Ad-Hoc|x86.Build.0 = Debug|Any CPU
		{FDE25208-68DE-4955-9268-48C596345966}.Ad-Hoc|x86.Deploy.0 = Debug|Any CPU
		{FDE25208-68DE-4955-9268-48C596345966}.AppStore|Any CPU.ActiveCfg = Debug|Any CPU
		{FDE25208-68DE-4955-9268-48C596345966}.AppStore|Any CPU.Build.0 = Debug|Any CPU
		{FDE25208-68DE-4955-9268-48C596345966}.AppStore|Any CPU.Deploy.0 = Debug|Any CPU
		{FDE25208-68DE-4955-9268-48C596345966}.AppStore|ARM.ActiveCfg = Debug|Any CPU
		{FDE25208-68DE-4955-9268-48C596345966}.AppStore|ARM.Build.0 = Debug|Any CPU
		{FDE25208-68DE-4955-9268-48C596345966}.AppStore|ARM.Deploy.0 = Debug|Any CPU
		{FDE25208-68DE-4955-9268-48C596345966}.AppStore|iPhone.ActiveCfg = Debug|Any CPU
		{FDE25208-68DE-4955-9268-48C596345966}.AppStore|iPhone.Build.0 = Debug|Any CPU
		{FDE25208-68DE-4955-9268-48C596345966}.AppStore|iPhone.Deploy.0 = Debug|Any CPU
		{FDE25208-68DE-4955-9268-48C596345966}.AppStore|iPhoneSimulator.ActiveCfg = Debug|Any CPU
		{FDE25208-68DE-4955-9268-48C596345966}.AppStore|iPhoneSimulator.Build.0 = Debug|Any CPU
		{FDE25208-68DE-4955-9268-48C596345966}.AppStore|iPhoneSimulator.Deploy.0 = Debug|Any CPU
		{FDE25208-68DE-4955-9268-48C596345966}.AppStore|x64.ActiveCfg = Debug|Any CPU
		{FDE25208-68DE-4955-9268-48C596345966}.AppStore|x64.Build.0 = Debug|Any CPU
		{FDE25208-68DE-4955-9268-48C596345966}.AppStore|x64.Deploy.0 = Debug|Any CPU
		{FDE25208-68DE-4955-9268-48C596345966}.AppStore|x86.ActiveCfg = Debug|Any CPU
		{FDE25208-68DE-4955-9268-48C596345966}.AppStore|x86.Build.0 = Debug|Any CPU
		{FDE25208-68DE-4955-9268-48C596345966}.AppStore|x86.Deploy.0 = Debug|Any CPU
		{FDE25208-68DE-4955-9268-48C596345966}.Debug|Any CPU.ActiveCfg = Debug|Any CPU
		{FDE25208-68DE-4955-9268-48C596345966}.Debug|Any CPU.Build.0 = Debug|Any CPU
		{FDE25208-68DE-4955-9268-48C596345966}.Debug|Any CPU.Deploy.0 = Debug|Any CPU
		{FDE25208-68DE-4955-9268-48C596345966}.Debug|ARM.ActiveCfg = Debug|Any CPU
		{FDE25208-68DE-4955-9268-48C596345966}.Debug|ARM.Build.0 = Debug|Any CPU
		{FDE25208-68DE-4955-9268-48C596345966}.Debug|ARM.Deploy.0 = Debug|Any CPU
		{FDE25208-68DE-4955-9268-48C596345966}.Debug|iPhone.ActiveCfg = Debug|Any CPU
		{FDE25208-68DE-4955-9268-48C596345966}.Debug|iPhone.Build.0 = Debug|Any CPU
		{FDE25208-68DE-4955-9268-48C596345966}.Debug|iPhone.Deploy.0 = Debug|Any CPU
		{FDE25208-68DE-4955-9268-48C596345966}.Debug|iPhoneSimulator.ActiveCfg = Debug|Any CPU
		{FDE25208-68DE-4955-9268-48C596345966}.Debug|iPhoneSimulator.Build.0 = Debug|Any CPU
		{FDE25208-68DE-4955-9268-48C596345966}.Debug|iPhoneSimulator.Deploy.0 = Debug|Any CPU
		{FDE25208-68DE-4955-9268-48C596345966}.Debug|x64.ActiveCfg = Debug|Any CPU
		{FDE25208-68DE-4955-9268-48C596345966}.Debug|x64.Build.0 = Debug|Any CPU
		{FDE25208-68DE-4955-9268-48C596345966}.Debug|x64.Deploy.0 = Debug|Any CPU
		{FDE25208-68DE-4955-9268-48C596345966}.Debug|x86.ActiveCfg = Debug|Any CPU
		{FDE25208-68DE-4955-9268-48C596345966}.Debug|x86.Build.0 = Debug|Any CPU
		{FDE25208-68DE-4955-9268-48C596345966}.Debug|x86.Deploy.0 = Debug|Any CPU
		{FDE25208-68DE-4955-9268-48C596345966}.Gorilla|Any CPU.ActiveCfg = Gorilla|Any CPU
		{FDE25208-68DE-4955-9268-48C596345966}.Gorilla|Any CPU.Build.0 = Gorilla|Any CPU
		{FDE25208-68DE-4955-9268-48C596345966}.Gorilla|ARM.ActiveCfg = Gorilla|Any CPU
		{FDE25208-68DE-4955-9268-48C596345966}.Gorilla|ARM.Build.0 = Gorilla|Any CPU
		{FDE25208-68DE-4955-9268-48C596345966}.Gorilla|iPhone.ActiveCfg = Gorilla|Any CPU
		{FDE25208-68DE-4955-9268-48C596345966}.Gorilla|iPhone.Build.0 = Gorilla|Any CPU
		{FDE25208-68DE-4955-9268-48C596345966}.Gorilla|iPhoneSimulator.ActiveCfg = Gorilla|Any CPU
		{FDE25208-68DE-4955-9268-48C596345966}.Gorilla|iPhoneSimulator.Build.0 = Gorilla|Any CPU
		{FDE25208-68DE-4955-9268-48C596345966}.Gorilla|x64.ActiveCfg = Gorilla|Any CPU
		{FDE25208-68DE-4955-9268-48C596345966}.Gorilla|x64.Build.0 = Gorilla|Any CPU
		{FDE25208-68DE-4955-9268-48C596345966}.Gorilla|x86.ActiveCfg = Gorilla|Any CPU
		{FDE25208-68DE-4955-9268-48C596345966}.Gorilla|x86.Build.0 = Gorilla|Any CPU
		{FDE25208-68DE-4955-9268-48C596345966}.Release|Any CPU.ActiveCfg = Release|Any CPU
		{FDE25208-68DE-4955-9268-48C596345966}.Release|Any CPU.Build.0 = Release|Any CPU
		{FDE25208-68DE-4955-9268-48C596345966}.Release|Any CPU.Deploy.0 = Release|Any CPU
		{FDE25208-68DE-4955-9268-48C596345966}.Release|ARM.ActiveCfg = Release|Any CPU
		{FDE25208-68DE-4955-9268-48C596345966}.Release|ARM.Build.0 = Release|Any CPU
		{FDE25208-68DE-4955-9268-48C596345966}.Release|ARM.Deploy.0 = Release|Any CPU
		{FDE25208-68DE-4955-9268-48C596345966}.Release|iPhone.ActiveCfg = Release|Any CPU
		{FDE25208-68DE-4955-9268-48C596345966}.Release|iPhone.Build.0 = Release|Any CPU
		{FDE25208-68DE-4955-9268-48C596345966}.Release|iPhone.Deploy.0 = Release|Any CPU
		{FDE25208-68DE-4955-9268-48C596345966}.Release|iPhoneSimulator.ActiveCfg = Release|Any CPU
		{FDE25208-68DE-4955-9268-48C596345966}.Release|iPhoneSimulator.Build.0 = Release|Any CPU
		{FDE25208-68DE-4955-9268-48C596345966}.Release|iPhoneSimulator.Deploy.0 = Release|Any CPU
		{FDE25208-68DE-4955-9268-48C596345966}.Release|x64.ActiveCfg = Release|Any CPU
		{FDE25208-68DE-4955-9268-48C596345966}.Release|x64.Build.0 = Release|Any CPU
		{FDE25208-68DE-4955-9268-48C596345966}.Release|x64.Deploy.0 = Release|Any CPU
		{FDE25208-68DE-4955-9268-48C596345966}.Release|x86.ActiveCfg = Release|Any CPU
		{FDE25208-68DE-4955-9268-48C596345966}.Release|x86.Build.0 = Release|Any CPU
		{FDE25208-68DE-4955-9268-48C596345966}.Release|x86.Deploy.0 = Release|Any CPU
	EndGlobalSection
	GlobalSection(SolutionProperties) = preSolution
		HideSolutionNode = FALSE
	EndGlobalSection
	GlobalSection(ExtensibilityGlobals) = postSolution
		SolutionGuid = {23C8CB77-A038-49F4-A97E-09E42232E2AD}
	EndGlobalSection
EndGlobal
